
Microsoft Visual Studio Solution File, Format Version 12.00
# Visual Studio Version 17
VisualStudioVersion = 17.13.35818.85 d17.13
MinimumVisualStudioVersion = 10.0.40219.1
Project("{FAE04EC0-301F-11D3-BF4B-00C04F79EFBC}") = "ConsoleApp2", "ConsoleApp2\ConsoleApp2.csproj", "{A1A9F4E8-3EE5-45F4-BAD5-23BFA3627C6A}"
EndProject
Global
	GlobalSection(SolutionConfigurationPlatforms) = preSolution
		Debug|Any CPU = Debug|Any CPU
		Release|Any CPU = Release|Any CPU
	EndGlobalSection
	GlobalSection(ProjectConfigurationPlatforms) = postSolution
		{A1A9F4E8-3EE5-45F4-BAD5-23BFA3627C6A}.Debug|Any CPU.ActiveCfg = Debug|Any CPU
		{A1A9F4E8-3EE5-45F4-BAD5-23BFA3627C6A}.Debug|Any CPU.Build.0 = Debug|Any CPU
		{A1A9F4E8-3EE5-45F4-BAD5-23BFA3627C6A}.Release|Any CPU.ActiveCfg = Release|Any CPU
		{A1A9F4E8-3EE5-45F4-BAD5-23BFA3627C6A}.Release|Any CPU.Build.0 = Release|Any CPU
	EndGlobalSection
	GlobalSection(SolutionProperties) = preSolution
		HideSolutionNode = FALSE
	EndGlobalSection
	GlobalSection(ExtensibilityGlobals) = postSolution
		SolutionGuid = {4EA14997-5E62-4610-9275-170D4C7C33A0}
	EndGlobalSection
EndGlobal
